
Microsoft Visual Studio Solution File, Format Version 12.00
# Visual Studio Version 17
VisualStudioVersion = 17.1.32228.430
MinimumVisualStudioVersion = 10.0.40219.1
Project("{888888A0-9F3D-457C-B088-3A5042F75D52}") = "EMedia_Part_1", "EMedia_Part_1\EMedia_Part_1.pyproj", "{6CE09309-8F69-4164-ADEB-48661820396D}"
EndProject
Global
	GlobalSection(SolutionConfigurationPlatforms) = preSolution
		Debug|Any CPU = Debug|Any CPU
		Release|Any CPU = Release|Any CPU
	EndGlobalSection
	GlobalSection(ProjectConfigurationPlatforms) = postSolution
		{6CE09309-8F69-4164-ADEB-48661820396D}.Debug|Any CPU.ActiveCfg = Debug|Any CPU
		{6CE09309-8F69-4164-ADEB-48661820396D}.Release|Any CPU.ActiveCfg = Release|Any CPU
	EndGlobalSection
	GlobalSection(SolutionProperties) = preSolution
		HideSolutionNode = FALSE
	EndGlobalSection
	GlobalSection(ExtensibilityGlobals) = postSolution
		SolutionGuid = {9C246394-B8EC-4BD8-9C03-19A231C4F256}
	EndGlobalSection
EndGlobal
